// !$*UTF8*$!
{
	archiveVersion = 1;
	classes = {
	};
	objectVersion = 56;
	objects = {

/* Begin PBXBuildFile section */
		B15B9DE0297DCAD100100CC5 /* CodeList.swift in Sources */ = {isa = PBXBuildFile; fileRef = B15B9DDF297DCAD100100CC5 /* CodeList.swift */; };
		B15B9DE3297DCBCB00100CC5 /* RunAPI.swift in Sources */ = {isa = PBXBuildFile; fileRef = B15B9DE2297DCBCB00100CC5 /* RunAPI.swift */; };
		B15B9DE5297DE14600100CC5 /* OutputView.swift in Sources */ = {isa = PBXBuildFile; fileRef = B15B9DE4297DE14600100CC5 /* OutputView.swift */; };
		B1F81FE5297D46E500F7F78F /* codexApp.swift in Sources */ = {isa = PBXBuildFile; fileRef = B1F81FE4297D46E500F7F78F /* codexApp.swift */; };
		B1F81FE7297D46E500F7F78F /* ContentView.swift in Sources */ = {isa = PBXBuildFile; fileRef = B1F81FE6297D46E500F7F78F /* ContentView.swift */; };
		B1F81FF7297D46E600F7F78F /* codexTests.swift in Sources */ = {isa = PBXBuildFile; fileRef = B1F81FF6297D46E600F7F78F /* codexTests.swift */; };
		B1F82001297D46E600F7F78F /* codexUITests.swift in Sources */ = {isa = PBXBuildFile; fileRef = B1F82000297D46E600F7F78F /* codexUITests.swift */; };
		B1F82003297D46E600F7F78F /* codexUITestsLaunchTests.swift in Sources */ = {isa = PBXBuildFile; fileRef = B1F82002297D46E600F7F78F /* codexUITestsLaunchTests.swift */; };
		B1F82010297D47D900F7F78F /* ExplorerView.swift in Sources */ = {isa = PBXBuildFile; fileRef = B1F8200F297D47D900F7F78F /* ExplorerView.swift */; };
		B1F82013297D485E00F7F78F /* AppView.swift in Sources */ = {isa = PBXBuildFile; fileRef = B1F82012297D485E00F7F78F /* AppView.swift */; };
		B1F82018297D580200F7F78F /* EditorView.swift in Sources */ = {isa = PBXBuildFile; fileRef = B1F82017297D580200F7F78F /* EditorView.swift */; };
		B1F8201A297D5E7600F7F78F /* NewBit.swift in Sources */ = {isa = PBXBuildFile; fileRef = B1F82019297D5E7600F7F78F /* NewBit.swift */; };
		B1F9F9A6297D8DA3007CF7E9 /* Images.xcassets in Resources */ = {isa = PBXBuildFile; fileRef = B1F9F9A5297D8DA3007CF7E9 /* Images.xcassets */; };
		B1F9F9A9297D91B5007CF7E9 /* CodeEditor in Frameworks */ = {isa = PBXBuildFile; productRef = B1F9F9A8297D91B5007CF7E9 /* CodeEditor */; };
		B1F9F9B7297DC7A8007CF7E9 /* Highlightr in Frameworks */ = {isa = PBXBuildFile; productRef = B1F9F9B6297DC7A8007CF7E9 /* Highlightr */; };
/* End PBXBuildFile section */

/* Begin PBXContainerItemProxy section */
		B1F81FF3297D46E600F7F78F /* PBXContainerItemProxy */ = {
			isa = PBXContainerItemProxy;
			containerPortal = B1F81FD9297D46E500F7F78F /* Project object */;
			proxyType = 1;
			remoteGlobalIDString = B1F81FE0297D46E500F7F78F;
			remoteInfo = codex;
		};
		B1F81FFD297D46E600F7F78F /* PBXContainerItemProxy */ = {
			isa = PBXContainerItemProxy;
			containerPortal = B1F81FD9297D46E500F7F78F /* Project object */;
			proxyType = 1;
			remoteGlobalIDString = B1F81FE0297D46E500F7F78F;
			remoteInfo = codex;
		};
/* End PBXContainerItemProxy section */

/* Begin PBXFileReference section */
		B15B9DDF297DCAD100100CC5 /* CodeList.swift */ = {isa = PBXFileReference; lastKnownFileType = sourcecode.swift; path = CodeList.swift; sourceTree = "<group>"; };
		B15B9DE2297DCBCB00100CC5 /* RunAPI.swift */ = {isa = PBXFileReference; lastKnownFileType = sourcecode.swift; path = RunAPI.swift; sourceTree = "<group>"; };
		B15B9DE4297DE14600100CC5 /* OutputView.swift */ = {isa = PBXFileReference; lastKnownFileType = sourcecode.swift; path = OutputView.swift; sourceTree = "<group>"; };
		B1F81FE1297D46E500F7F78F /* CodeX.app */ = {isa = PBXFileReference; explicitFileType = wrapper.application; includeInIndex = 0; path = CodeX.app; sourceTree = BUILT_PRODUCTS_DIR; };
		B1F81FE4297D46E500F7F78F /* codexApp.swift */ = {isa = PBXFileReference; lastKnownFileType = sourcecode.swift; path = codexApp.swift; sourceTree = "<group>"; };
		B1F81FE6297D46E500F7F78F /* ContentView.swift */ = {isa = PBXFileReference; lastKnownFileType = sourcecode.swift; path = ContentView.swift; sourceTree = "<group>"; };
		B1F81FEA297D46E600F7F78F /* codex.entitlements */ = {isa = PBXFileReference; lastKnownFileType = text.plist.entitlements; path = codex.entitlements; sourceTree = "<group>"; };
		B1F81FF2297D46E600F7F78F /* CodeXTests.xctest */ = {isa = PBXFileReference; explicitFileType = wrapper.cfbundle; includeInIndex = 0; path = CodeXTests.xctest; sourceTree = BUILT_PRODUCTS_DIR; };
		B1F81FF6297D46E600F7F78F /* codexTests.swift */ = {isa = PBXFileReference; lastKnownFileType = sourcecode.swift; path = codexTests.swift; sourceTree = "<group>"; };
		B1F81FFC297D46E600F7F78F /* CodeXUITests.xctest */ = {isa = PBXFileReference; explicitFileType = wrapper.cfbundle; includeInIndex = 0; path = CodeXUITests.xctest; sourceTree = BUILT_PRODUCTS_DIR; };
		B1F82000297D46E600F7F78F /* codexUITests.swift */ = {isa = PBXFileReference; lastKnownFileType = sourcecode.swift; path = codexUITests.swift; sourceTree = "<group>"; };
		B1F82002297D46E600F7F78F /* codexUITestsLaunchTests.swift */ = {isa = PBXFileReference; lastKnownFileType = sourcecode.swift; path = codexUITestsLaunchTests.swift; sourceTree = "<group>"; };
		B1F8200F297D47D900F7F78F /* ExplorerView.swift */ = {isa = PBXFileReference; lastKnownFileType = sourcecode.swift; path = ExplorerView.swift; sourceTree = "<group>"; };
		B1F82012297D485E00F7F78F /* AppView.swift */ = {isa = PBXFileReference; lastKnownFileType = sourcecode.swift; path = AppView.swift; sourceTree = "<group>"; };
		B1F82017297D580200F7F78F /* EditorView.swift */ = {isa = PBXFileReference; lastKnownFileType = sourcecode.swift; path = EditorView.swift; sourceTree = "<group>"; };
		B1F82019297D5E7600F7F78F /* NewBit.swift */ = {isa = PBXFileReference; lastKnownFileType = sourcecode.swift; path = NewBit.swift; sourceTree = "<group>"; };
		B1F9F9A5297D8DA3007CF7E9 /* Images.xcassets */ = {isa = PBXFileReference; lastKnownFileType = folder.assetcatalog; path = Images.xcassets; sourceTree = "<group>"; };
/* End PBXFileReference section */

/* Begin PBXFrameworksBuildPhase section */
		B1F81FDE297D46E500F7F78F /* Frameworks */ = {
			isa = PBXFrameworksBuildPhase;
			buildActionMask = 2147483647;
			files = (
				B1F9F9B7297DC7A8007CF7E9 /* Highlightr in Frameworks */,
				B1F9F9A9297D91B5007CF7E9 /* CodeEditor in Frameworks */,
			);
			runOnlyForDeploymentPostprocessing = 0;
		};
		B1F81FEF297D46E600F7F78F /* Frameworks */ = {
			isa = PBXFrameworksBuildPhase;
			buildActionMask = 2147483647;
			files = (
			);
			runOnlyForDeploymentPostprocessing = 0;
		};
		B1F81FF9297D46E600F7F78F /* Frameworks */ = {
			isa = PBXFrameworksBuildPhase;
			buildActionMask = 2147483647;
			files = (
			);
			runOnlyForDeploymentPostprocessing = 0;
		};
/* End PBXFrameworksBuildPhase section */

/* Begin PBXGroup section */
		B15B9DE1297DCAE100100CC5 /* AppData */ = {
			isa = PBXGroup;
			children = (
				B15B9DDF297DCAD100100CC5 /* CodeList.swift */,
				B15B9DE2297DCBCB00100CC5 /* RunAPI.swift */,
			);
			name = AppData;
			path = Views/AppData;
			sourceTree = "<group>";
		};
		B1F81FD8297D46E500F7F78F = {
			isa = PBXGroup;
			children = (
				B1F81FE3297D46E500F7F78F /* codex */,
				B1F81FF5297D46E600F7F78F /* codexTests */,
				B1F81FFF297D46E600F7F78F /* codexUITests */,
				B1F81FE2297D46E500F7F78F /* Products */,
			);
			sourceTree = "<group>";
		};
		B1F81FE2297D46E500F7F78F /* Products */ = {
			isa = PBXGroup;
			children = (
				B1F81FE1297D46E500F7F78F /* CodeX.app */,
				B1F81FF2297D46E600F7F78F /* CodeXTests.xctest */,
				B1F81FFC297D46E600F7F78F /* CodeXUITests.xctest */,
			);
			name = Products;
			sourceTree = "<group>";
		};
		B1F81FE3297D46E500F7F78F /* codex */ = {
			isa = PBXGroup;
			children = (
				B1F81FE4297D46E500F7F78F /* codexApp.swift */,
				B1F81FEA297D46E600F7F78F /* codex.entitlements */,
				B1F81FE6297D46E500F7F78F /* ContentView.swift */,
				B1F9F9A5297D8DA3007CF7E9 /* Images.xcassets */,
				B15B9DE1297DCAE100100CC5 /* AppData */,
				B1F82011297D481000F7F78F /* Views */,
			);
			path = codex;
			sourceTree = "<group>";
		};
		B1F81FF5297D46E600F7F78F /* codexTests */ = {
			isa = PBXGroup;
			children = (
				B1F81FF6297D46E600F7F78F /* codexTests.swift */,
			);
			path = codexTests;
			sourceTree = "<group>";
		};
		B1F81FFF297D46E600F7F78F /* codexUITests */ = {
			isa = PBXGroup;
			children = (
				B1F82000297D46E600F7F78F /* codexUITests.swift */,
				B1F82002297D46E600F7F78F /* codexUITestsLaunchTests.swift */,
			);
			path = codexUITests;
			sourceTree = "<group>";
		};
		B1F82011297D481000F7F78F /* Views */ = {
			isa = PBXGroup;
			children = (
				B1F8200F297D47D900F7F78F /* ExplorerView.swift */,
				B1F82012297D485E00F7F78F /* AppView.swift */,
				B1F82017297D580200F7F78F /* EditorView.swift */,
				B1F82019297D5E7600F7F78F /* NewBit.swift */,
				B15B9DE4297DE14600100CC5 /* OutputView.swift */,
			);
			path = Views;
			sourceTree = "<group>";
		};
/* End PBXGroup section */

/* Begin PBXNativeTarget section */
		B1F81FE0297D46E500F7F78F /* CodeX */ = {
			isa = PBXNativeTarget;
			buildConfigurationList = B1F82006297D46E600F7F78F /* Build configuration list for PBXNativeTarget "CodeX" */;
			buildPhases = (
				B1F81FDD297D46E500F7F78F /* Sources */,
				B1F81FDE297D46E500F7F78F /* Frameworks */,
				B1F81FDF297D46E500F7F78F /* Resources */,
			);
			buildRules = (
			);
			dependencies = (
			);
			name = CodeX;
			packageProductDependencies = (
				B1F9F9A8297D91B5007CF7E9 /* CodeEditor */,
				B1F9F9B6297DC7A8007CF7E9 /* Highlightr */,
			);
			productName = codex;
			productReference = B1F81FE1297D46E500F7F78F /* CodeX.app */;
			productType = "com.apple.product-type.application";
		};
		B1F81FF1297D46E600F7F78F /* CodeXTests */ = {
			isa = PBXNativeTarget;
			buildConfigurationList = B1F82009297D46E600F7F78F /* Build configuration list for PBXNativeTarget "CodeXTests" */;
			buildPhases = (
				B1F81FEE297D46E600F7F78F /* Sources */,
				B1F81FEF297D46E600F7F78F /* Frameworks */,
				B1F81FF0297D46E600F7F78F /* Resources */,
			);
			buildRules = (
			);
			dependencies = (
				B1F81FF4297D46E600F7F78F /* PBXTargetDependency */,
			);
			name = CodeXTests;
			productName = codexTests;
			productReference = B1F81FF2297D46E600F7F78F /* CodeXTests.xctest */;
			productType = "com.apple.product-type.bundle.unit-test";
		};
		B1F81FFB297D46E600F7F78F /* CodeXUITests */ = {
			isa = PBXNativeTarget;
			buildConfigurationList = B1F8200C297D46E600F7F78F /* Build configuration list for PBXNativeTarget "CodeXUITests" */;
			buildPhases = (
				B1F81FF8297D46E600F7F78F /* Sources */,
				B1F81FF9297D46E600F7F78F /* Frameworks */,
				B1F81FFA297D46E600F7F78F /* Resources */,
			);
			buildRules = (
			);
			dependencies = (
				B1F81FFE297D46E600F7F78F /* PBXTargetDependency */,
			);
			name = CodeXUITests;
			productName = codexUITests;
			productReference = B1F81FFC297D46E600F7F78F /* CodeXUITests.xctest */;
			productType = "com.apple.product-type.bundle.ui-testing";
		};
/* End PBXNativeTarget section */

/* Begin PBXProject section */
		B1F81FD9297D46E500F7F78F /* Project object */ = {
			isa = PBXProject;
			attributes = {
				BuildIndependentTargetsInParallel = 1;
				LastSwiftUpdateCheck = 1420;
				LastUpgradeCheck = 1420;
				TargetAttributes = {
					B1F81FE0297D46E500F7F78F = {
						CreatedOnToolsVersion = 14.2;
					};
					B1F81FF1297D46E600F7F78F = {
						CreatedOnToolsVersion = 14.2;
						TestTargetID = B1F81FE0297D46E500F7F78F;
					};
					B1F81FFB297D46E600F7F78F = {
						CreatedOnToolsVersion = 14.2;
						TestTargetID = B1F81FE0297D46E500F7F78F;
					};
				};
			};
			buildConfigurationList = B1F81FDC297D46E500F7F78F /* Build configuration list for PBXProject "CodeX" */;
			compatibilityVersion = "Xcode 14.0";
			developmentRegion = en;
			hasScannedForEncodings = 0;
			knownRegions = (
				en,
				Base,
			);
			mainGroup = B1F81FD8297D46E500F7F78F;
			packageReferences = (
				B1F9F9A7297D91B5007CF7E9 /* XCRemoteSwiftPackageReference "CodeEditor" */,
				B1F9F9B5297DC7A8007CF7E9 /* XCRemoteSwiftPackageReference "Highlightr" */,
			);
			productRefGroup = B1F81FE2297D46E500F7F78F /* Products */;
			projectDirPath = "";
			projectRoot = "";
			targets = (
				B1F81FE0297D46E500F7F78F /* CodeX */,
				B1F81FF1297D46E600F7F78F /* CodeXTests */,
				B1F81FFB297D46E600F7F78F /* CodeXUITests */,
			);
		};
/* End PBXProject section */

/* Begin PBXResourcesBuildPhase section */
		B1F81FDF297D46E500F7F78F /* Resources */ = {
			isa = PBXResourcesBuildPhase;
			buildActionMask = 2147483647;
			files = (
				B1F9F9A6297D8DA3007CF7E9 /* Images.xcassets in Resources */,
			);
			runOnlyForDeploymentPostprocessing = 0;
		};
		B1F81FF0297D46E600F7F78F /* Resources */ = {
			isa = PBXResourcesBuildPhase;
			buildActionMask = 2147483647;
			files = (
			);
			runOnlyForDeploymentPostprocessing = 0;
		};
		B1F81FFA297D46E600F7F78F /* Resources */ = {
			isa = PBXResourcesBuildPhase;
			buildActionMask = 2147483647;
			files = (
			);
			runOnlyForDeploymentPostprocessing = 0;
		};
/* End PBXResourcesBuildPhase section */

/* Begin PBXSourcesBuildPhase section */
		B1F81FDD297D46E500F7F78F /* Sources */ = {
			isa = PBXSourcesBuildPhase;
			buildActionMask = 2147483647;
			files = (
				B1F82013297D485E00F7F78F /* AppView.swift in Sources */,
				B1F81FE7297D46E500F7F78F /* ContentView.swift in Sources */,
				B1F82018297D580200F7F78F /* EditorView.swift in Sources */,
				B1F81FE5297D46E500F7F78F /* codexApp.swift in Sources */,
				B1F82010297D47D900F7F78F /* ExplorerView.swift in Sources */,
				B15B9DE0297DCAD100100CC5 /* CodeList.swift in Sources */,
				B15B9DE3297DCBCB00100CC5 /* RunAPI.swift in Sources */,
				B1F8201A297D5E7600F7F78F /* NewBit.swift in Sources */,
				B15B9DE5297DE14600100CC5 /* OutputView.swift in Sources */,
			);
			runOnlyForDeploymentPostprocessing = 0;
		};
		B1F81FEE297D46E600F7F78F /* Sources */ = {
			isa = PBXSourcesBuildPhase;
			buildActionMask = 2147483647;
			files = (
				B1F81FF7297D46E600F7F78F /* codexTests.swift in Sources */,
			);
			runOnlyForDeploymentPostprocessing = 0;
		};
		B1F81FF8297D46E600F7F78F /* Sources */ = {
			isa = PBXSourcesBuildPhase;
			buildActionMask = 2147483647;
			files = (
				B1F82003297D46E600F7F78F /* codexUITestsLaunchTests.swift in Sources */,
				B1F82001297D46E600F7F78F /* codexUITests.swift in Sources */,
			);
			runOnlyForDeploymentPostprocessing = 0;
		};
/* End PBXSourcesBuildPhase section */

/* Begin PBXTargetDependency section */
		B1F81FF4297D46E600F7F78F /* PBXTargetDependency */ = {
			isa = PBXTargetDependency;
			target = B1F81FE0297D46E500F7F78F /* CodeX */;
			targetProxy = B1F81FF3297D46E600F7F78F /* PBXContainerItemProxy */;
		};
		B1F81FFE297D46E600F7F78F /* PBXTargetDependency */ = {
			isa = PBXTargetDependency;
			target = B1F81FE0297D46E500F7F78F /* CodeX */;
			targetProxy = B1F81FFD297D46E600F7F78F /* PBXContainerItemProxy */;
		};
/* End PBXTargetDependency section */

/* Begin XCBuildConfiguration section */
		B1F82004297D46E600F7F78F /* Debug */ = {
			isa = XCBuildConfiguration;
			buildSettings = {
				ALWAYS_SEARCH_USER_PATHS = NO;
				CLANG_ANALYZER_NONNULL = YES;
				CLANG_ANALYZER_NUMBER_OBJECT_CONVERSION = YES_AGGRESSIVE;
				CLANG_CXX_LANGUAGE_STANDARD = "gnu++20";
				CLANG_ENABLE_MODULES = YES;
				CLANG_ENABLE_OBJC_ARC = YES;
				CLANG_ENABLE_OBJC_WEAK = YES;
				CLANG_WARN_BLOCK_CAPTURE_AUTORELEASING = YES;
				CLANG_WARN_BOOL_CONVERSION = YES;
				CLANG_WARN_COMMA = YES;
				CLANG_WARN_CONSTANT_CONVERSION = YES;
				CLANG_WARN_DEPRECATED_OBJC_IMPLEMENTATIONS = YES;
				CLANG_WARN_DIRECT_OBJC_ISA_USAGE = YES_ERROR;
				CLANG_WARN_DOCUMENTATION_COMMENTS = YES;
				CLANG_WARN_EMPTY_BODY = YES;
				CLANG_WARN_ENUM_CONVERSION = YES;
				CLANG_WARN_INFINITE_RECURSION = YES;
				CLANG_WARN_INT_CONVERSION = YES;
				CLANG_WARN_NON_LITERAL_NULL_CONVERSION = YES;
				CLANG_WARN_OBJC_IMPLICIT_RETAIN_SELF = YES;
				CLANG_WARN_OBJC_LITERAL_CONVERSION = YES;
				CLANG_WARN_OBJC_ROOT_CLASS = YES_ERROR;
				CLANG_WARN_QUOTED_INCLUDE_IN_FRAMEWORK_HEADER = YES;
				CLANG_WARN_RANGE_LOOP_ANALYSIS = YES;
				CLANG_WARN_STRICT_PROTOTYPES = YES;
				CLANG_WARN_SUSPICIOUS_MOVE = YES;
				CLANG_WARN_UNGUARDED_AVAILABILITY = YES_AGGRESSIVE;
				CLANG_WARN_UNREACHABLE_CODE = YES;
				CLANG_WARN__DUPLICATE_METHOD_MATCH = YES;
				COPY_PHASE_STRIP = NO;
				DEBUG_INFORMATION_FORMAT = dwarf;
				ENABLE_STRICT_OBJC_MSGSEND = YES;
				ENABLE_TESTABILITY = YES;
				GCC_C_LANGUAGE_STANDARD = gnu11;
				GCC_DYNAMIC_NO_PIC = NO;
				GCC_NO_COMMON_BLOCKS = YES;
				GCC_OPTIMIZATION_LEVEL = 0;
				GCC_PREPROCESSOR_DEFINITIONS = (
					"DEBUG=1",
					"$(inherited)",
				);
				GCC_WARN_64_TO_32_BIT_CONVERSION = YES;
				GCC_WARN_ABOUT_RETURN_TYPE = YES_ERROR;
				GCC_WARN_UNDECLARED_SELECTOR = YES;
				GCC_WARN_UNINITIALIZED_AUTOS = YES_AGGRESSIVE;
				GCC_WARN_UNUSED_FUNCTION = YES;
				GCC_WARN_UNUSED_VARIABLE = YES;
				MTL_ENABLE_DEBUG_INFO = INCLUDE_SOURCE;
				MTL_FAST_MATH = YES;
				ONLY_ACTIVE_ARCH = YES;
				SWIFT_ACTIVE_COMPILATION_CONDITIONS = DEBUG;
				SWIFT_OPTIMIZATION_LEVEL = "-Onone";
			};
			name = Debug;
		};
		B1F82005297D46E600F7F78F /* Release */ = {
			isa = XCBuildConfiguration;
			buildSettings = {
				ALWAYS_SEARCH_USER_PATHS = NO;
				CLANG_ANALYZER_NONNULL = YES;
				CLANG_ANALYZER_NUMBER_OBJECT_CONVERSION = YES_AGGRESSIVE;
				CLANG_CXX_LANGUAGE_STANDARD = "gnu++20";
				CLANG_ENABLE_MODULES = YES;
				CLANG_ENABLE_OBJC_ARC = YES;
				CLANG_ENABLE_OBJC_WEAK = YES;
				CLANG_WARN_BLOCK_CAPTURE_AUTORELEASING = YES;
				CLANG_WARN_BOOL_CONVERSION = YES;
				CLANG_WARN_COMMA = YES;
				CLANG_WARN_CONSTANT_CONVERSION = YES;
				CLANG_WARN_DEPRECATED_OBJC_IMPLEMENTATIONS = YES;
				CLANG_WARN_DIRECT_OBJC_ISA_USAGE = YES_ERROR;
				CLANG_WARN_DOCUMENTATION_COMMENTS = YES;
				CLANG_WARN_EMPTY_BODY = YES;
				CLANG_WARN_ENUM_CONVERSION = YES;
				CLANG_WARN_INFINITE_RECURSION = YES;
				CLANG_WARN_INT_CONVERSION = YES;
				CLANG_WARN_NON_LITERAL_NULL_CONVERSION = YES;
				CLANG_WARN_OBJC_IMPLICIT_RETAIN_SELF = YES;
				CLANG_WARN_OBJC_LITERAL_CONVERSION = YES;
				CLANG_WARN_OBJC_ROOT_CLASS = YES_ERROR;
				CLANG_WARN_QUOTED_INCLUDE_IN_FRAMEWORK_HEADER = YES;
				CLANG_WARN_RANGE_LOOP_ANALYSIS = YES;
				CLANG_WARN_STRICT_PROTOTYPES = YES;
				CLANG_WARN_SUSPICIOUS_MOVE = YES;
				CLANG_WARN_UNGUARDED_AVAILABILITY = YES_AGGRESSIVE;
				CLANG_WARN_UNREACHABLE_CODE = YES;
				CLANG_WARN__DUPLICATE_METHOD_MATCH = YES;
				COPY_PHASE_STRIP = NO;
				DEBUG_INFORMATION_FORMAT = "dwarf-with-dsym";
				ENABLE_NS_ASSERTIONS = NO;
				ENABLE_STRICT_OBJC_MSGSEND = YES;
				GCC_C_LANGUAGE_STANDARD = gnu11;
				GCC_NO_COMMON_BLOCKS = YES;
				GCC_WARN_64_TO_32_BIT_CONVERSION = YES;
				GCC_WARN_ABOUT_RETURN_TYPE = YES_ERROR;
				GCC_WARN_UNDECLARED_SELECTOR = YES;
				GCC_WARN_UNINITIALIZED_AUTOS = YES_AGGRESSIVE;
				GCC_WARN_UNUSED_FUNCTION = YES;
				GCC_WARN_UNUSED_VARIABLE = YES;
				MTL_ENABLE_DEBUG_INFO = NO;
				MTL_FAST_MATH = YES;
				SWIFT_COMPILATION_MODE = wholemodule;
				SWIFT_OPTIMIZATION_LEVEL = "-O";
			};
			name = Release;
		};
		B1F82007297D46E600F7F78F /* Debug */ = {
			isa = XCBuildConfiguration;
			buildSettings = {
				ALLOW_TARGET_PLATFORM_SPECIALIZATION = YES;
				ASSETCATALOG_COMPILER_APPICON_NAME = AppIcon;
				ASSETCATALOG_COMPILER_GLOBAL_ACCENT_COLOR_NAME = AccentColor;
				CODE_SIGN_ENTITLEMENTS = codex/codex.entitlements;
				CODE_SIGN_STYLE = Automatic;
				CURRENT_PROJECT_VERSION = 1;
				DEVELOPMENT_ASSET_PATHS = "\"codex/Preview Content\"";
				DEVELOPMENT_TEAM = 89659343H8;
				ENABLE_HARDENED_RUNTIME = YES;
				ENABLE_PREVIEWS = YES;
				GENERATE_INFOPLIST_FILE = YES;
				"INFOPLIST_KEY_UIApplicationSceneManifest_Generation[sdk=iphoneos*]" = YES;
				"INFOPLIST_KEY_UIApplicationSceneManifest_Generation[sdk=iphonesimulator*]" = YES;
				"INFOPLIST_KEY_UIApplicationSupportsIndirectInputEvents[sdk=iphoneos*]" = YES;
				"INFOPLIST_KEY_UIApplicationSupportsIndirectInputEvents[sdk=iphonesimulator*]" = YES;
				"INFOPLIST_KEY_UILaunchScreen_Generation[sdk=iphoneos*]" = YES;
				"INFOPLIST_KEY_UILaunchScreen_Generation[sdk=iphonesimulator*]" = YES;
				"INFOPLIST_KEY_UIStatusBarStyle[sdk=iphoneos*]" = UIStatusBarStyleDefault;
				"INFOPLIST_KEY_UIStatusBarStyle[sdk=iphonesimulator*]" = UIStatusBarStyleDefault;
				INFOPLIST_KEY_UISupportedInterfaceOrientations = UIInterfaceOrientationPortrait;
				INFOPLIST_KEY_UISupportedInterfaceOrientations_iPad = "UIInterfaceOrientationLandscapeLeft UIInterfaceOrientationLandscapeRight";
				IPHONEOS_DEPLOYMENT_TARGET = 16.2;
				LD_RUNPATH_SEARCH_PATHS = "@executable_path/Frameworks";
				"LD_RUNPATH_SEARCH_PATHS[sdk=macosx*]" = "@executable_path/../Frameworks";
				MACOSX_DEPLOYMENT_TARGET = 13.1;
				MARKETING_VERSION = 1.0;
				PRODUCT_BUNDLE_IDENTIFIER = in.jaagrav.codex;
				PRODUCT_NAME = "$(TARGET_NAME)";
				SDKROOT = auto;
				SUPPORTED_PLATFORMS = "watchsimulator watchos macosx iphonesimulator iphoneos driverkit appletvsimulator appletvos";
				SUPPORTS_MACCATALYST = YES;
				SWIFT_EMIT_LOC_STRINGS = YES;
				SWIFT_VERSION = 5.0;
				TARGETED_DEVICE_FAMILY = "1,2";
			};
			name = Debug;
		};
		B1F82008297D46E600F7F78F /* Release */ = {
			isa = XCBuildConfiguration;
			buildSettings = {
				ALLOW_TARGET_PLATFORM_SPECIALIZATION = YES;
				ASSETCATALOG_COMPILER_APPICON_NAME = AppIcon;
				ASSETCATALOG_COMPILER_GLOBAL_ACCENT_COLOR_NAME = AccentColor;
				CODE_SIGN_ENTITLEMENTS = codex/codex.entitlements;
				CODE_SIGN_STYLE = Automatic;
				CURRENT_PROJECT_VERSION = 1;
				DEVELOPMENT_ASSET_PATHS = "\"codex/Preview Content\"";
				DEVELOPMENT_TEAM = 89659343H8;
				ENABLE_HARDENED_RUNTIME = YES;
				ENABLE_PREVIEWS = YES;
				GENERATE_INFOPLIST_FILE = YES;
				"INFOPLIST_KEY_UIApplicationSceneManifest_Generation[sdk=iphoneos*]" = YES;
				"INFOPLIST_KEY_UIApplicationSceneManifest_Generation[sdk=iphonesimulator*]" = YES;
				"INFOPLIST_KEY_UIApplicationSupportsIndirectInputEvents[sdk=iphoneos*]" = YES;
				"INFOPLIST_KEY_UIApplicationSupportsIndirectInputEvents[sdk=iphonesimulator*]" = YES;
				"INFOPLIST_KEY_UILaunchScreen_Generation[sdk=iphoneos*]" = YES;
				"INFOPLIST_KEY_UILaunchScreen_Generation[sdk=iphonesimulator*]" = YES;
				"INFOPLIST_KEY_UIStatusBarStyle[sdk=iphoneos*]" = UIStatusBarStyleDefault;
				"INFOPLIST_KEY_UIStatusBarStyle[sdk=iphonesimulator*]" = UIStatusBarStyleDefault;
				INFOPLIST_KEY_UISupportedInterfaceOrientations = UIInterfaceOrientationPortrait;
				INFOPLIST_KEY_UISupportedInterfaceOrientations_iPad = "UIInterfaceOrientationLandscapeLeft UIInterfaceOrientationLandscapeRight";
				IPHONEOS_DEPLOYMENT_TARGET = 16.2;
				LD_RUNPATH_SEARCH_PATHS = "@executable_path/Frameworks";
				"LD_RUNPATH_SEARCH_PATHS[sdk=macosx*]" = "@executable_path/../Frameworks";
				MACOSX_DEPLOYMENT_TARGET = 13.1;
				MARKETING_VERSION = 1.0;
				PRODUCT_BUNDLE_IDENTIFIER = in.jaagrav.codex;
				PRODUCT_NAME = "$(TARGET_NAME)";
				SDKROOT = auto;
				SUPPORTED_PLATFORMS = "watchsimulator watchos macosx iphonesimulator iphoneos driverkit appletvsimulator appletvos";
				SUPPORTS_MACCATALYST = YES;
				SWIFT_EMIT_LOC_STRINGS = YES;
				SWIFT_VERSION = 5.0;
				TARGETED_DEVICE_FAMILY = "1,2";
			};
			name = Release;
		};
		B1F8200A297D46E600F7F78F /* Debug */ = {
			isa = XCBuildConfiguration;
			buildSettings = {
				ALWAYS_EMBED_SWIFT_STANDARD_LIBRARIES = YES;
				BUNDLE_LOADER = "$(TEST_HOST)";
				CODE_SIGN_STYLE = Automatic;
				CURRENT_PROJECT_VERSION = 1;
				DEVELOPMENT_TEAM = 89659343H8;
				GENERATE_INFOPLIST_FILE = YES;
				IPHONEOS_DEPLOYMENT_TARGET = 16.2;
				MACOSX_DEPLOYMENT_TARGET = 13.1;
				MARKETING_VERSION = 1.0;
				PRODUCT_BUNDLE_IDENTIFIER = in.jaagrav.codexTests;
				PRODUCT_NAME = "$(TARGET_NAME)";
				SDKROOT = auto;
				SUPPORTED_PLATFORMS = "iphoneos iphonesimulator macosx";
				SWIFT_EMIT_LOC_STRINGS = NO;
				SWIFT_VERSION = 5.0;
				TARGETED_DEVICE_FAMILY = "1,2";
				TEST_HOST = "$(BUILT_PRODUCTS_DIR)/CodeX.app/$(BUNDLE_EXECUTABLE_FOLDER_PATH)/CodeX";
			};
			name = Debug;
		};
		B1F8200B297D46E600F7F78F /* Release */ = {
			isa = XCBuildConfiguration;
			buildSettings = {
				ALWAYS_EMBED_SWIFT_STANDARD_LIBRARIES = YES;
				BUNDLE_LOADER = "$(TEST_HOST)";
				CODE_SIGN_STYLE = Automatic;
				CURRENT_PROJECT_VERSION = 1;
				DEVELOPMENT_TEAM = 89659343H8;
				GENERATE_INFOPLIST_FILE = YES;
				IPHONEOS_DEPLOYMENT_TARGET = 16.2;
				MACOSX_DEPLOYMENT_TARGET = 13.1;
				MARKETING_VERSION = 1.0;
				PRODUCT_BUNDLE_IDENTIFIER = in.jaagrav.codexTests;
				PRODUCT_NAME = "$(TARGET_NAME)";
				SDKROOT = auto;
				SUPPORTED_PLATFORMS = "iphoneos iphonesimulator macosx";
				SWIFT_EMIT_LOC_STRINGS = NO;
				SWIFT_VERSION = 5.0;
				TARGETED_DEVICE_FAMILY = "1,2";
				TEST_HOST = "$(BUILT_PRODUCTS_DIR)/CodeX.app/$(BUNDLE_EXECUTABLE_FOLDER_PATH)/CodeX";
			};
			name = Release;
		};
		B1F8200D297D46E600F7F78F /* Debug */ = {
			isa = XCBuildConfiguration;
			buildSettings = {
				ALWAYS_EMBED_SWIFT_STANDARD_LIBRARIES = YES;
				CODE_SIGN_STYLE = Automatic;
				CURRENT_PROJECT_VERSION = 1;
				DEVELOPMENT_TEAM = 89659343H8;
				GENERATE_INFOPLIST_FILE = YES;
				IPHONEOS_DEPLOYMENT_TARGET = 16.2;
				MACOSX_DEPLOYMENT_TARGET = 13.1;
				MARKETING_VERSION = 1.0;
				PRODUCT_BUNDLE_IDENTIFIER = in.jaagrav.codexUITests;
				PRODUCT_NAME = "$(TARGET_NAME)";
				SDKROOT = auto;
				SUPPORTED_PLATFORMS = "iphoneos iphonesimulator macosx";
				SWIFT_EMIT_LOC_STRINGS = NO;
				SWIFT_VERSION = 5.0;
				TARGETED_DEVICE_FAMILY = "1,2";
				TEST_TARGET_NAME = codex;
			};
			name = Debug;
		};
		B1F8200E297D46E600F7F78F /* Release */ = {
			isa = XCBuildConfiguration;
			buildSettings = {
				ALWAYS_EMBED_SWIFT_STANDARD_LIBRARIES = YES;
				CODE_SIGN_STYLE = Automatic;
				CURRENT_PROJECT_VERSION = 1;
				DEVELOPMENT_TEAM = 89659343H8;
				GENERATE_INFOPLIST_FILE = YES;
				IPHONEOS_DEPLOYMENT_TARGET = 16.2;
				MACOSX_DEPLOYMENT_TARGET = 13.1;
				MARKETING_VERSION = 1.0;
				PRODUCT_BUNDLE_IDENTIFIER = in.jaagrav.codexUITests;
				PRODUCT_NAME = "$(TARGET_NAME)";
				SDKROOT = auto;
				SUPPORTED_PLATFORMS = "iphoneos iphonesimulator macosx";
				SWIFT_EMIT_LOC_STRINGS = NO;
				SWIFT_VERSION = 5.0;
				TARGETED_DEVICE_FAMILY = "1,2";
				TEST_TARGET_NAME = codex;
			};
			name = Release;
		};
/* End XCBuildConfiguration section */

/* Begin XCConfigurationList section */
		B1F81FDC297D46E500F7F78F /* Build configuration list for PBXProject "CodeX" */ = {
			isa = XCConfigurationList;
			buildConfigurations = (
				B1F82004297D46E600F7F78F /* Debug */,
				B1F82005297D46E600F7F78F /* Release */,
			);
			defaultConfigurationIsVisible = 0;
			defaultConfigurationName = Release;
		};
		B1F82006297D46E600F7F78F /* Build configuration list for PBXNativeTarget "CodeX" */ = {
			isa = XCConfigurationList;
			buildConfigurations = (
				B1F82007297D46E600F7F78F /* Debug */,
				B1F82008297D46E600F7F78F /* Release */,
			);
			defaultConfigurationIsVisible = 0;
			defaultConfigurationName = Release;
		};
		B1F82009297D46E600F7F78F /* Build configuration list for PBXNativeTarget "CodeXTests" */ = {
			isa = XCConfigurationList;
			buildConfigurations = (
				B1F8200A297D46E600F7F78F /* Debug */,
				B1F8200B297D46E600F7F78F /* Release */,
			);
			defaultConfigurationIsVisible = 0;
			defaultConfigurationName = Release;
		};
		B1F8200C297D46E600F7F78F /* Build configuration list for PBXNativeTarget "CodeXUITests" */ = {
			isa = XCConfigurationList;
			buildConfigurations = (
				B1F8200D297D46E600F7F78F /* Debug */,
				B1F8200E297D46E600F7F78F /* Release */,
			);
			defaultConfigurationIsVisible = 0;
			defaultConfigurationName = Release;
		};
/* End XCConfigurationList section */

/* Begin XCRemoteSwiftPackageReference section */
		B1F9F9A7297D91B5007CF7E9 /* XCRemoteSwiftPackageReference "CodeEditor" */ = {
			isa = XCRemoteSwiftPackageReference;
			repositoryURL = "https://github.com/ZeeZide/CodeEditor.git";
			requirement = {
				kind = upToNextMajorVersion;
				minimumVersion = 1.0.0;
			};
		};
		B1F9F9B5297DC7A8007CF7E9 /* XCRemoteSwiftPackageReference "Highlightr" */ = {
			isa = XCRemoteSwiftPackageReference;
			repositoryURL = "https://github.com/raspu/Highlightr";
			requirement = {
				kind = upToNextMajorVersion;
				minimumVersion = 2.0.0;
			};
		};
/* End XCRemoteSwiftPackageReference section */

/* Begin XCSwiftPackageProductDependency section */
		B1F9F9A8297D91B5007CF7E9 /* CodeEditor */ = {
			isa = XCSwiftPackageProductDependency;
			package = B1F9F9A7297D91B5007CF7E9 /* XCRemoteSwiftPackageReference "CodeEditor" */;
			productName = CodeEditor;
		};
		B1F9F9B6297DC7A8007CF7E9 /* Highlightr */ = {
			isa = XCSwiftPackageProductDependency;
			package = B1F9F9B5297DC7A8007CF7E9 /* XCRemoteSwiftPackageReference "Highlightr" */;
			productName = Highlightr;
		};
/* End XCSwiftPackageProductDependency section */
	};
	rootObject = B1F81FD9297D46E500F7F78F /* Project object */;
}
